
Microsoft Visual Studio Solution File, Format Version 12.00
# Visual Studio Version 16
VisualStudioVersion = 16.0.30225.117
MinimumVisualStudioVersion = 10.0.40219.1
Project("{FAE04EC0-301F-11D3-BF4B-00C04F79EFBC}") = "ExperimentsWithControls", "ExperimentsWithControls\ExperimentsWithControls.csproj", "{67BAC2C9-FF25-4AE5-9D96-F1282A535B1D}"
EndProject
Global
	GlobalSection(SolutionConfigurationPlatforms) = preSolution
		Debug|Any CPU = Debug|Any CPU
		Release|Any CPU = Release|Any CPU
	EndGlobalSection
	GlobalSection(ProjectConfigurationPlatforms) = postSolution
		{67BAC2C9-FF25-4AE5-9D96-F1282A535B1D}.Debug|Any CPU.ActiveCfg = Debug|Any CPU
		{67BAC2C9-FF25-4AE5-9D96-F1282A535B1D}.Debug|Any CPU.Build.0 = Debug|Any CPU
		{67BAC2C9-FF25-4AE5-9D96-F1282A535B1D}.Release|Any CPU.ActiveCfg = Release|Any CPU
		{67BAC2C9-FF25-4AE5-9D96-F1282A535B1D}.Release|Any CPU.Build.0 = Release|Any CPU
	EndGlobalSection
	GlobalSection(SolutionProperties) = preSolution
		HideSolutionNode = FALSE
	EndGlobalSection
	GlobalSection(ExtensibilityGlobals) = postSolution
		SolutionGuid = {548C4CF5-09C9-4733-B5C0-A4BAC31EB3E9}
	EndGlobalSection
EndGlobal
